
Microsoft Visual Studio Solution File, Format Version 12.00
Project("{FAE04EC0-301F-11D3-BF4B-00C04F79EFBC}") = "WeatherSubscriptionWebApp.Api", "WeatherSubscriptionWebApp.Api\WeatherSubscriptionWebApp.Api.csproj", "{DABBCCD7-CB4D-4BF0-8642-4F2962799859}"
EndProject
Project("{FAE04EC0-301F-11D3-BF4B-00C04F79EFBC}") = "WeatherSubscriptionWebApp.Application", "WeatherSubscriptionWebApp.Application\WeatherSubscriptionWebApp.Application.csproj", "{9AD7F61A-165D-4A26-B6B4-34736A6DD0AC}"
EndProject
Project("{FAE04EC0-301F-11D3-BF4B-00C04F79EFBC}") = "WeatherSubscriptionWebApp.Infrastructure", "WeatherSubscriptionWebApp.Infrastructure\WeatherSubscriptionWebApp.Infrastructure.csproj", "{3D32CD14-A147-4754-BD78-B4DE147C3B9A}"
EndProject
Project("{FAE04EC0-301F-11D3-BF4B-00C04F79EFBC}") = "WeatherSubscriptionWebApp.Domain", "WeatherSubscriptionWebApp.Domain\WeatherSubscriptionWebApp.Domain.csproj", "{3D81F62C-A123-4946-AF80-20C15B46B837}"
EndProject
Project("{FAE04EC0-301F-11D3-BF4B-00C04F79EFBC}") = "WeatherSubscriptionWebApp.Tests", "WeatherSubscriptionWebApp.Tests\WeatherSubscriptionWebApp.Tests.csproj", "{0B18E6E9-63EC-4F87-BF40-4A0FEBD42071}"
EndProject
Global
	GlobalSection(SolutionConfigurationPlatforms) = preSolution
		Debug|Any CPU = Debug|Any CPU
		Release|Any CPU = Release|Any CPU
	EndGlobalSection
	GlobalSection(ProjectConfigurationPlatforms) = postSolution
		{DABBCCD7-CB4D-4BF0-8642-4F2962799859}.Debug|Any CPU.ActiveCfg = Debug|Any CPU
		{DABBCCD7-CB4D-4BF0-8642-4F2962799859}.Debug|Any CPU.Build.0 = Debug|Any CPU
		{DABBCCD7-CB4D-4BF0-8642-4F2962799859}.Release|Any CPU.ActiveCfg = Release|Any CPU
		{DABBCCD7-CB4D-4BF0-8642-4F2962799859}.Release|Any CPU.Build.0 = Release|Any CPU
		{9AD7F61A-165D-4A26-B6B4-34736A6DD0AC}.Debug|Any CPU.ActiveCfg = Debug|Any CPU
		{9AD7F61A-165D-4A26-B6B4-34736A6DD0AC}.Debug|Any CPU.Build.0 = Debug|Any CPU
		{9AD7F61A-165D-4A26-B6B4-34736A6DD0AC}.Release|Any CPU.ActiveCfg = Release|Any CPU
		{9AD7F61A-165D-4A26-B6B4-34736A6DD0AC}.Release|Any CPU.Build.0 = Release|Any CPU
		{3D32CD14-A147-4754-BD78-B4DE147C3B9A}.Debug|Any CPU.ActiveCfg = Debug|Any CPU
		{3D32CD14-A147-4754-BD78-B4DE147C3B9A}.Debug|Any CPU.Build.0 = Debug|Any CPU
		{3D32CD14-A147-4754-BD78-B4DE147C3B9A}.Release|Any CPU.ActiveCfg = Release|Any CPU
		{3D32CD14-A147-4754-BD78-B4DE147C3B9A}.Release|Any CPU.Build.0 = Release|Any CPU
		{3D81F62C-A123-4946-AF80-20C15B46B837}.Debug|Any CPU.ActiveCfg = Debug|Any CPU
		{3D81F62C-A123-4946-AF80-20C15B46B837}.Debug|Any CPU.Build.0 = Debug|Any CPU
		{3D81F62C-A123-4946-AF80-20C15B46B837}.Release|Any CPU.ActiveCfg = Release|Any CPU
		{3D81F62C-A123-4946-AF80-20C15B46B837}.Release|Any CPU.Build.0 = Release|Any CPU
		{0B18E6E9-63EC-4F87-BF40-4A0FEBD42071}.Debug|Any CPU.ActiveCfg = Debug|Any CPU
		{0B18E6E9-63EC-4F87-BF40-4A0FEBD42071}.Debug|Any CPU.Build.0 = Debug|Any CPU
		{0B18E6E9-63EC-4F87-BF40-4A0FEBD42071}.Release|Any CPU.ActiveCfg = Release|Any CPU
		{0B18E6E9-63EC-4F87-BF40-4A0FEBD42071}.Release|Any CPU.Build.0 = Release|Any CPU
	EndGlobalSection
EndGlobal
